
Microsoft Visual Studio Solution File, Format Version 12.00
# Visual Studio 15
VisualStudioVersion = 15.0.28307.168
MinimumVisualStudioVersion = 10.0.40219.1
Project("{9A19103F-16F7-4668-BE54-9A1E7A4F7556}") = "RacerData.NascarApi.Service", "RacerData.NascarApi.Service\RacerData.NascarApi.Service.csproj", "{17770509-81F4-48F5-9722-822D04BE7C0E}"
EndProject
Project("{9A19103F-16F7-4668-BE54-9A1E7A4F7556}") = "RacerData.NascarApi.LapAverage.Service", "RacerData.NascarApi.LapAverage.Service\RacerData.NascarApi.LapAverage.Service.csproj", "{6D9D295D-D61B-4524-AFC8-8539859AFF53}"
EndProject
Project("{9A19103F-16F7-4668-BE54-9A1E7A4F7556}") = "RacerData.NascarApi.Harvester.Service", "RacerData.NascarApi.Harvester.Service\RacerData.NascarApi.Harvester.Service.csproj", "{B7D2E480-9154-4694-82B7-6CD25523817B}"
EndProject
Project("{FAE04EC0-301F-11D3-BF4B-00C04F79EFBC}") = "RacerData.NascarApi.LapAverage.TestApp", "RacerData.NascarApi.LapAverage.TestApp\RacerData.NascarApi.LapAverage.TestApp.csproj", "{8D49C5F5-3CED-4032-A122-1592475AAB76}"
EndProject
Global
	GlobalSection(SolutionConfigurationPlatforms) = preSolution
		Debug|Any CPU = Debug|Any CPU
		Release|Any CPU = Release|Any CPU
	EndGlobalSection
	GlobalSection(ProjectConfigurationPlatforms) = postSolution
		{17770509-81F4-48F5-9722-822D04BE7C0E}.Debug|Any CPU.ActiveCfg = Debug|Any CPU
		{17770509-81F4-48F5-9722-822D04BE7C0E}.Debug|Any CPU.Build.0 = Debug|Any CPU
		{17770509-81F4-48F5-9722-822D04BE7C0E}.Release|Any CPU.ActiveCfg = Release|Any CPU
		{17770509-81F4-48F5-9722-822D04BE7C0E}.Release|Any CPU.Build.0 = Release|Any CPU
		{6D9D295D-D61B-4524-AFC8-8539859AFF53}.Debug|Any CPU.ActiveCfg = Debug|Any CPU
		{6D9D295D-D61B-4524-AFC8-8539859AFF53}.Debug|Any CPU.Build.0 = Debug|Any CPU
		{6D9D295D-D61B-4524-AFC8-8539859AFF53}.Release|Any CPU.ActiveCfg = Release|Any CPU
		{6D9D295D-D61B-4524-AFC8-8539859AFF53}.Release|Any CPU.Build.0 = Release|Any CPU
		{B7D2E480-9154-4694-82B7-6CD25523817B}.Debug|Any CPU.ActiveCfg = Debug|Any CPU
		{B7D2E480-9154-4694-82B7-6CD25523817B}.Debug|Any CPU.Build.0 = Debug|Any CPU
		{B7D2E480-9154-4694-82B7-6CD25523817B}.Release|Any CPU.ActiveCfg = Release|Any CPU
		{B7D2E480-9154-4694-82B7-6CD25523817B}.Release|Any CPU.Build.0 = Release|Any CPU
		{8D49C5F5-3CED-4032-A122-1592475AAB76}.Debug|Any CPU.ActiveCfg = Debug|Any CPU
		{8D49C5F5-3CED-4032-A122-1592475AAB76}.Debug|Any CPU.Build.0 = Debug|Any CPU
		{8D49C5F5-3CED-4032-A122-1592475AAB76}.Release|Any CPU.ActiveCfg = Release|Any CPU
		{8D49C5F5-3CED-4032-A122-1592475AAB76}.Release|Any CPU.Build.0 = Release|Any CPU
	EndGlobalSection
	GlobalSection(SolutionProperties) = preSolution
		HideSolutionNode = FALSE
	EndGlobalSection
	GlobalSection(ExtensibilityGlobals) = postSolution
		SolutionGuid = {63155851-14A1-47DE-8EEE-7F5A1BA34E09}
	EndGlobalSection
EndGlobal
