
Microsoft Visual Studio Solution File, Format Version 12.00
# Visual Studio 15
VisualStudioVersion = 15.0.28307.645
MinimumVisualStudioVersion = 10.0.40219.1
Project("{FAE04EC0-301F-11D3-BF4B-00C04F79EFBC}") = "RacerData.iRacing.Telemetry", "RacerData.iRacing.Telemetry\RacerData.iRacing.Telemetry.csproj", "{0A5C76C4-362A-4064-B4E6-F8059CCEED0F}"
EndProject
Global
	GlobalSection(SolutionConfigurationPlatforms) = preSolution
		Debug|Any CPU = Debug|Any CPU
		Release|Any CPU = Release|Any CPU
	EndGlobalSection
	GlobalSection(ProjectConfigurationPlatforms) = postSolution
		{0A5C76C4-362A-4064-B4E6-F8059CCEED0F}.Debug|Any CPU.ActiveCfg = Debug|Any CPU
		{0A5C76C4-362A-4064-B4E6-F8059CCEED0F}.Debug|Any CPU.Build.0 = Debug|Any CPU
		{0A5C76C4-362A-4064-B4E6-F8059CCEED0F}.Release|Any CPU.ActiveCfg = Release|Any CPU
		{0A5C76C4-362A-4064-B4E6-F8059CCEED0F}.Release|Any CPU.Build.0 = Release|Any CPU
	EndGlobalSection
	GlobalSection(SolutionProperties) = preSolution
		HideSolutionNode = FALSE
	EndGlobalSection
	GlobalSection(ExtensibilityGlobals) = postSolution
		SolutionGuid = {94CF0FB1-B0E6-402C-B782-CC49B3FE4522}
	EndGlobalSection
EndGlobal
