
Microsoft Visual Studio Solution File, Format Version 12.00
# Visual Studio 15
VisualStudioVersion = 15.0.28307.168
MinimumVisualStudioVersion = 10.0.40219.1
Project("{FAE04EC0-301F-11D3-BF4B-00C04F79EFBC}") = "rNascarApp", "rNascarApp\rNascarApp.csproj", "{9331E682-37ED-4FE1-A0B6-C78329D30DD6}"
EndProject
Project("{930C7802-8A8C-48F9-8165-68863BCCD9DD}") = "rNascarSetup", "RacerData.rNascarApp.Setup\rNascarSetup.wixproj", "{F4802369-F129-48B9-8CA2-654E06FBE20A}"
EndProject
Project("{2150E333-8FDC-42A3-9474-1A3956D46DE8}") = "Setup", "Setup", "{4F30167E-3E96-49D5-A539-D9BE347E15E0}"
EndProject
Project("{930C7802-8A8C-48F9-8165-68863BCCD9DD}") = "rNascarInstaller", "rNascarInstaller\rNascarInstaller.wixproj", "{171F9BBD-4A39-47EE-9480-82C06AB2CD0E}"
EndProject
Project("{FAE04EC0-301F-11D3-BF4B-00C04F79EFBC}") = "RacerData.UI.TestApp", "RacerData.UI.Charts.TestApp\RacerData.UI.TestApp.csproj", "{F4C76354-AE6B-4C09-A0EF-6AF44245E02B}"
EndProject
Project("{9A19103F-16F7-4668-BE54-9A1E7A4F7556}") = "rNascarApp.UI", "rNascarApp.Winforms\rNascarApp.UI.csproj", "{D95D55E6-E15C-4946-897F-17EBA10AD62C}"
EndProject
Global
	GlobalSection(SolutionConfigurationPlatforms) = preSolution
		Debug|Any CPU = Debug|Any CPU
		Debug|x86 = Debug|x86
		Release|Any CPU = Release|Any CPU
		Release|x86 = Release|x86
	EndGlobalSection
	GlobalSection(ProjectConfigurationPlatforms) = postSolution
		{9331E682-37ED-4FE1-A0B6-C78329D30DD6}.Debug|Any CPU.ActiveCfg = Debug|Any CPU
		{9331E682-37ED-4FE1-A0B6-C78329D30DD6}.Debug|Any CPU.Build.0 = Debug|Any CPU
		{9331E682-37ED-4FE1-A0B6-C78329D30DD6}.Debug|x86.ActiveCfg = Debug|Any CPU
		{9331E682-37ED-4FE1-A0B6-C78329D30DD6}.Debug|x86.Build.0 = Debug|Any CPU
		{9331E682-37ED-4FE1-A0B6-C78329D30DD6}.Release|Any CPU.ActiveCfg = Release|Any CPU
		{9331E682-37ED-4FE1-A0B6-C78329D30DD6}.Release|Any CPU.Build.0 = Release|Any CPU
		{9331E682-37ED-4FE1-A0B6-C78329D30DD6}.Release|x86.ActiveCfg = Release|Any CPU
		{9331E682-37ED-4FE1-A0B6-C78329D30DD6}.Release|x86.Build.0 = Release|Any CPU
		{F4802369-F129-48B9-8CA2-654E06FBE20A}.Debug|Any CPU.ActiveCfg = Debug|x86
		{F4802369-F129-48B9-8CA2-654E06FBE20A}.Debug|x86.ActiveCfg = Debug|x86
		{F4802369-F129-48B9-8CA2-654E06FBE20A}.Debug|x86.Build.0 = Debug|x86
		{F4802369-F129-48B9-8CA2-654E06FBE20A}.Release|Any CPU.ActiveCfg = Release|x86
		{F4802369-F129-48B9-8CA2-654E06FBE20A}.Release|x86.ActiveCfg = Release|x86
		{F4802369-F129-48B9-8CA2-654E06FBE20A}.Release|x86.Build.0 = Release|x86
		{171F9BBD-4A39-47EE-9480-82C06AB2CD0E}.Debug|Any CPU.ActiveCfg = Debug|x86
		{171F9BBD-4A39-47EE-9480-82C06AB2CD0E}.Debug|x86.ActiveCfg = Debug|x86
		{171F9BBD-4A39-47EE-9480-82C06AB2CD0E}.Debug|x86.Build.0 = Debug|x86
		{171F9BBD-4A39-47EE-9480-82C06AB2CD0E}.Release|Any CPU.ActiveCfg = Release|x86
		{171F9BBD-4A39-47EE-9480-82C06AB2CD0E}.Release|x86.ActiveCfg = Release|x86
		{171F9BBD-4A39-47EE-9480-82C06AB2CD0E}.Release|x86.Build.0 = Release|x86
		{F4C76354-AE6B-4C09-A0EF-6AF44245E02B}.Debug|Any CPU.ActiveCfg = Debug|Any CPU
		{F4C76354-AE6B-4C09-A0EF-6AF44245E02B}.Debug|Any CPU.Build.0 = Debug|Any CPU
		{F4C76354-AE6B-4C09-A0EF-6AF44245E02B}.Debug|x86.ActiveCfg = Debug|x64
		{F4C76354-AE6B-4C09-A0EF-6AF44245E02B}.Debug|x86.Build.0 = Debug|x64
		{F4C76354-AE6B-4C09-A0EF-6AF44245E02B}.Release|Any CPU.ActiveCfg = Release|Any CPU
		{F4C76354-AE6B-4C09-A0EF-6AF44245E02B}.Release|Any CPU.Build.0 = Release|Any CPU
		{F4C76354-AE6B-4C09-A0EF-6AF44245E02B}.Release|x86.ActiveCfg = Release|Any CPU
		{F4C76354-AE6B-4C09-A0EF-6AF44245E02B}.Release|x86.Build.0 = Release|Any CPU
		{D95D55E6-E15C-4946-897F-17EBA10AD62C}.Debug|Any CPU.ActiveCfg = Debug|Any CPU
		{D95D55E6-E15C-4946-897F-17EBA10AD62C}.Debug|Any CPU.Build.0 = Debug|Any CPU
		{D95D55E6-E15C-4946-897F-17EBA10AD62C}.Debug|x86.ActiveCfg = Debug|Any CPU
		{D95D55E6-E15C-4946-897F-17EBA10AD62C}.Debug|x86.Build.0 = Debug|Any CPU
		{D95D55E6-E15C-4946-897F-17EBA10AD62C}.Release|Any CPU.ActiveCfg = Release|Any CPU
		{D95D55E6-E15C-4946-897F-17EBA10AD62C}.Release|Any CPU.Build.0 = Release|Any CPU
		{D95D55E6-E15C-4946-897F-17EBA10AD62C}.Release|x86.ActiveCfg = Release|Any CPU
		{D95D55E6-E15C-4946-897F-17EBA10AD62C}.Release|x86.Build.0 = Release|Any CPU
	EndGlobalSection
	GlobalSection(SolutionProperties) = preSolution
		HideSolutionNode = FALSE
	EndGlobalSection
	GlobalSection(NestedProjects) = preSolution
		{F4802369-F129-48B9-8CA2-654E06FBE20A} = {4F30167E-3E96-49D5-A539-D9BE347E15E0}
		{171F9BBD-4A39-47EE-9480-82C06AB2CD0E} = {4F30167E-3E96-49D5-A539-D9BE347E15E0}
	EndGlobalSection
	GlobalSection(ExtensibilityGlobals) = postSolution
		SolutionGuid = {A3223D79-89A1-4106-9C08-BDAD975AE450}
	EndGlobalSection
EndGlobal
