
Microsoft Visual Studio Solution File, Format Version 12.00
# Visual Studio 15
VisualStudioVersion = 15.0.28307.168
MinimumVisualStudioVersion = 10.0.40219.1
Project("{FAE04EC0-301F-11D3-BF4B-00C04F79EFBC}") = "RacerData.Updater.UI", "RacerData.Updater.UI\RacerData.Updater.UI.csproj", "{CFA65CA1-15C9-4117-8047-2463A8E3D851}"
EndProject
Project("{FAE04EC0-301F-11D3-BF4B-00C04F79EFBC}") = "RacerData.UpdaterService", "RacerData.UpdaterService\RacerData.UpdaterService.csproj", "{8316053C-4E5B-4E94-A386-E78AD3E3DDF0}"
EndProject
Global
	GlobalSection(SolutionConfigurationPlatforms) = preSolution
		Debug|Any CPU = Debug|Any CPU
		Release|Any CPU = Release|Any CPU
	EndGlobalSection
	GlobalSection(ProjectConfigurationPlatforms) = postSolution
		{CFA65CA1-15C9-4117-8047-2463A8E3D851}.Debug|Any CPU.ActiveCfg = Debug|Any CPU
		{CFA65CA1-15C9-4117-8047-2463A8E3D851}.Debug|Any CPU.Build.0 = Debug|Any CPU
		{CFA65CA1-15C9-4117-8047-2463A8E3D851}.Release|Any CPU.ActiveCfg = Release|Any CPU
		{CFA65CA1-15C9-4117-8047-2463A8E3D851}.Release|Any CPU.Build.0 = Release|Any CPU
		{8316053C-4E5B-4E94-A386-E78AD3E3DDF0}.Debug|Any CPU.ActiveCfg = Debug|Any CPU
		{8316053C-4E5B-4E94-A386-E78AD3E3DDF0}.Debug|Any CPU.Build.0 = Debug|Any CPU
		{8316053C-4E5B-4E94-A386-E78AD3E3DDF0}.Release|Any CPU.ActiveCfg = Release|Any CPU
		{8316053C-4E5B-4E94-A386-E78AD3E3DDF0}.Release|Any CPU.Build.0 = Release|Any CPU
	EndGlobalSection
	GlobalSection(SolutionProperties) = preSolution
		HideSolutionNode = FALSE
	EndGlobalSection
	GlobalSection(ExtensibilityGlobals) = postSolution
		SolutionGuid = {278BFE5F-F02E-49D4-A8FE-841291B4F2C7}
	EndGlobalSection
EndGlobal
