
Microsoft Visual Studio Solution File, Format Version 12.00
# Visual Studio 15
VisualStudioVersion = 15.0.28307.168
MinimumVisualStudioVersion = 10.0.40219.1
Project("{FAE04EC0-301F-11D3-BF4B-00C04F79EFBC}") = "RacerData.WinForms", "RacerData.WinForms\RacerData.WinForms.csproj", "{3BAFE1AA-A0CA-4A0C-B4DC-2F4433F621FF}"
EndProject
Project("{FAE04EC0-301F-11D3-BF4B-00C04F79EFBC}") = "RacerData.WinForms.TestApp", "RacerData.WinForms.TestApp\RacerData.WinForms.TestApp.csproj", "{4C8F81B7-1E58-4910-95D8-8EC3B9F90119}"
EndProject
Global
	GlobalSection(SolutionConfigurationPlatforms) = preSolution
		Debug|Any CPU = Debug|Any CPU
		Release|Any CPU = Release|Any CPU
	EndGlobalSection
	GlobalSection(ProjectConfigurationPlatforms) = postSolution
		{3BAFE1AA-A0CA-4A0C-B4DC-2F4433F621FF}.Debug|Any CPU.ActiveCfg = Debug|Any CPU
		{3BAFE1AA-A0CA-4A0C-B4DC-2F4433F621FF}.Debug|Any CPU.Build.0 = Debug|Any CPU
		{3BAFE1AA-A0CA-4A0C-B4DC-2F4433F621FF}.Release|Any CPU.ActiveCfg = Release|Any CPU
		{3BAFE1AA-A0CA-4A0C-B4DC-2F4433F621FF}.Release|Any CPU.Build.0 = Release|Any CPU
		{4C8F81B7-1E58-4910-95D8-8EC3B9F90119}.Debug|Any CPU.ActiveCfg = Debug|Any CPU
		{4C8F81B7-1E58-4910-95D8-8EC3B9F90119}.Debug|Any CPU.Build.0 = Debug|Any CPU
		{4C8F81B7-1E58-4910-95D8-8EC3B9F90119}.Release|Any CPU.ActiveCfg = Release|Any CPU
		{4C8F81B7-1E58-4910-95D8-8EC3B9F90119}.Release|Any CPU.Build.0 = Release|Any CPU
	EndGlobalSection
	GlobalSection(SolutionProperties) = preSolution
		HideSolutionNode = FALSE
	EndGlobalSection
	GlobalSection(ExtensibilityGlobals) = postSolution
		SolutionGuid = {355B46F7-57B3-4E33-852F-476F51DFCA9C}
	EndGlobalSection
EndGlobal
