
Microsoft Visual Studio Solution File, Format Version 12.00
# Visual Studio 15
VisualStudioVersion = 15.0.28307.168
MinimumVisualStudioVersion = 10.0.40219.1
Project("{9A19103F-16F7-4668-BE54-9A1E7A4F7556}") = "RacerData.Themes", "RacerData.Themes\RacerData.Themes.csproj", "{53D5292B-9600-440E-B7B9-E0EB2F22DA38}"
EndProject
Project("{FAE04EC0-301F-11D3-BF4B-00C04F79EFBC}") = "RacerData.Themes.TestApp", "RacerData.Themes.TestApp\RacerData.Themes.TestApp.csproj", "{6FABF695-4676-4193-97F5-57A12A79FF06}"
EndProject
Project("{FAE04EC0-301F-11D3-BF4B-00C04F79EFBC}") = "RacerData.Themes.UI", "RacerData.Themes.UI\RacerData.Themes.UI.csproj", "{836CAAE4-333F-4EC3-B76F-2F5394887F5F}"
EndProject
Global
	GlobalSection(SolutionConfigurationPlatforms) = preSolution
		Debug|Any CPU = Debug|Any CPU
		Release|Any CPU = Release|Any CPU
	EndGlobalSection
	GlobalSection(ProjectConfigurationPlatforms) = postSolution
		{53D5292B-9600-440E-B7B9-E0EB2F22DA38}.Debug|Any CPU.ActiveCfg = Debug|Any CPU
		{53D5292B-9600-440E-B7B9-E0EB2F22DA38}.Debug|Any CPU.Build.0 = Debug|Any CPU
		{53D5292B-9600-440E-B7B9-E0EB2F22DA38}.Release|Any CPU.ActiveCfg = Release|Any CPU
		{53D5292B-9600-440E-B7B9-E0EB2F22DA38}.Release|Any CPU.Build.0 = Release|Any CPU
		{6FABF695-4676-4193-97F5-57A12A79FF06}.Debug|Any CPU.ActiveCfg = Debug|Any CPU
		{6FABF695-4676-4193-97F5-57A12A79FF06}.Debug|Any CPU.Build.0 = Debug|Any CPU
		{6FABF695-4676-4193-97F5-57A12A79FF06}.Release|Any CPU.ActiveCfg = Release|Any CPU
		{6FABF695-4676-4193-97F5-57A12A79FF06}.Release|Any CPU.Build.0 = Release|Any CPU
		{836CAAE4-333F-4EC3-B76F-2F5394887F5F}.Debug|Any CPU.ActiveCfg = Debug|Any CPU
		{836CAAE4-333F-4EC3-B76F-2F5394887F5F}.Debug|Any CPU.Build.0 = Debug|Any CPU
		{836CAAE4-333F-4EC3-B76F-2F5394887F5F}.Release|Any CPU.ActiveCfg = Release|Any CPU
		{836CAAE4-333F-4EC3-B76F-2F5394887F5F}.Release|Any CPU.Build.0 = Release|Any CPU
	EndGlobalSection
	GlobalSection(SolutionProperties) = preSolution
		HideSolutionNode = FALSE
	EndGlobalSection
	GlobalSection(ExtensibilityGlobals) = postSolution
		SolutionGuid = {15C07CCE-2D54-4392-984C-7C3BC7863D91}
	EndGlobalSection
EndGlobal
